
Microsoft Visual Studio Solution File, Format Version 12.00
# Visual Studio Version 17
VisualStudioVersion = 17.2.32630.192
MinimumVisualStudioVersion = 10.0.40219.1
Project("{9A19103F-16F7-4668-BE54-9A1E7A4F7556}") = "D8S.R0001", "D8S.R0001\D8S.R0001.csproj", "{96051A47-62BC-460B-A2EB-5D3DFF36626F}"
EndProject
Project("{2150E333-8FDC-42A3-9474-1A3956D46DE8}") = "_Dependencies", "_Dependencies", "{E6AC7936-0D12-4119-85A1-2B271B8321AE}"
EndProject
Project("{9A19103F-16F7-4668-BE54-9A1E7A4F7556}") = "R5T.F0000", "..\..\..\SafetyCone\R5T.F0000\source\R5T.F0000\R5T.F0000.csproj", "{D47AC15E-C48B-410C-BEB7-45982A02AEFB}"
EndProject
Project("{9A19103F-16F7-4668-BE54-9A1E7A4F7556}") = "R5T.F0100", "..\..\..\SafetyCone\R5T.F0100\source\R5T.F0100\R5T.F0100.csproj", "{4FA9E2BE-C018-463B-8837-C0A4682F7E70}"
EndProject
Project("{9A19103F-16F7-4668-BE54-9A1E7A4F7556}") = "R5T.L0053", "..\..\..\SafetyCone\R5T.L0053\source\R5T.L0053\R5T.L0053.csproj", "{8DA610C4-EDDC-4A20-A295-F3500D8E2DEF}"
EndProject
Project("{9A19103F-16F7-4668-BE54-9A1E7A4F7556}") = "R5T.L0066", "..\..\..\SafetyCone\R5T.L0066\source\R5T.L0066\R5T.L0066.csproj", "{0D6C091B-D182-4FE6-9A49-19AAF0E5A2DA}"
EndProject
Project("{9A19103F-16F7-4668-BE54-9A1E7A4F7556}") = "R5T.L0071", "..\..\..\SafetyCone\R5T.L0071\source\R5T.L0071\R5T.L0071.csproj", "{CC67F59B-6232-4358-B33A-240D71CB5FAE}"
EndProject
Project("{9A19103F-16F7-4668-BE54-9A1E7A4F7556}") = "R5T.L0089.F000", "..\..\..\SafetyCone\R5T.L0089\source\R5T.L0089.F000\R5T.L0089.F000.csproj", "{539CE2D7-20CF-4AAF-A08A-F2F1E7AE6F16}"
EndProject
Project("{9A19103F-16F7-4668-BE54-9A1E7A4F7556}") = "R5T.L0089.T000", "..\..\..\SafetyCone\R5T.L0089\source\R5T.L0089.T000\R5T.L0089.T000.csproj", "{B5260BD0-0FDD-44E0-886C-16CD08535699}"
EndProject
Project("{9A19103F-16F7-4668-BE54-9A1E7A4F7556}") = "R5T.L0089", "..\..\..\SafetyCone\R5T.L0089\source\R5T.L0089\R5T.L0089.csproj", "{AE80873B-4DB1-4246-A84B-885E9651F003}"
EndProject
Project("{9A19103F-16F7-4668-BE54-9A1E7A4F7556}") = "R5T.NG0018", "..\..\..\SafetyCone\R5T.NG0018\source\R5T.NG0018\R5T.NG0018.csproj", "{C6EB63C2-4450-43E2-BEE9-F6476B7D4CB3}"
EndProject
Project("{9A19103F-16F7-4668-BE54-9A1E7A4F7556}") = "R5T.R0006", "..\..\..\SafetyCone\R5T.R0006\source\R5T.R0006\R5T.R0006.csproj", "{B43AC959-099D-41E6-97D6-650361C94595}"
EndProject
Project("{9A19103F-16F7-4668-BE54-9A1E7A4F7556}") = "R5T.T0131", "..\..\..\SafetyCone\R5T.T0131\source\R5T.T0131\R5T.T0131.csproj", "{49206ECB-AC74-42C6-AEEF-E1C9BBE9D482}"
EndProject
Project("{9A19103F-16F7-4668-BE54-9A1E7A4F7556}") = "R5T.T0132", "..\..\..\SafetyCone\R5T.T0132\source\R5T.T0132\R5T.T0132.csproj", "{A301FBC3-F998-461A-A7FB-85DF17EB2E54}"
EndProject
Project("{9A19103F-16F7-4668-BE54-9A1E7A4F7556}") = "R5T.T0142", "..\..\..\SafetyCone\R5T.T0142\source\R5T.T0142\R5T.T0142.csproj", "{DD784424-E7D0-467A-96AC-513C426A20A3}"
EndProject
Project("{9A19103F-16F7-4668-BE54-9A1E7A4F7556}") = "R5T.T0143", "..\..\..\SafetyCone\R5T.T0143\source\R5T.T0143\R5T.T0143.csproj", "{DD98AF1E-A4EC-4A06-BB11-2D090A893215}"
EndProject
Project("{9A19103F-16F7-4668-BE54-9A1E7A4F7556}") = "R5T.T0154", "..\..\..\SafetyCone\R5T.T0154\source\R5T.T0154\R5T.T0154.csproj", "{65B3115E-D598-4312-8576-33408A0CC5A9}"
EndProject
Project("{9A19103F-16F7-4668-BE54-9A1E7A4F7556}") = "R5T.T0156", "..\..\..\SafetyCone\R5T.T0156\source\R5T.T0156\R5T.T0156.csproj", "{7200929D-93D2-4B15-B45F-F5F1D45E3D54}"
EndProject
Project("{9A19103F-16F7-4668-BE54-9A1E7A4F7556}") = "R5T.T0221", "..\..\..\SafetyCone\R5T.T0221\source\R5T.T0221\R5T.T0221.csproj", "{F2DB4BAC-926C-4F9D-870D-09AF16DE0403}"
EndProject
Project("{9A19103F-16F7-4668-BE54-9A1E7A4F7556}") = "R5T.T0223", "..\..\..\SafetyCone\R5T.T0223\source\R5T.T0223\R5T.T0223.csproj", "{EC6EB137-41A6-4751-BF3F-5C4BA0260E4E}"
EndProject
Project("{9A19103F-16F7-4668-BE54-9A1E7A4F7556}") = "R5T.T0241", "..\..\..\SafetyCone\R5T.T0241\source\R5T.T0241\R5T.T0241.csproj", "{0F8A19E5-C40C-4496-AFD7-7B77CF5C0AAD}"
EndProject
Project("{9A19103F-16F7-4668-BE54-9A1E7A4F7556}") = "R5T.Y0000", "..\..\..\SafetyCone\R5T.Y0000\source\R5T.Y0000\R5T.Y0000.csproj", "{87C98404-D2A2-497F-B321-C07DAF849F0F}"
EndProject
Project("{9A19103F-16F7-4668-BE54-9A1E7A4F7556}") = "R5T.Y0006", "..\..\..\SafetyCone\R5T.Y0006\source\R5T.Y0006\R5T.Y0006.csproj", "{48AB6DBB-5CBD-4430-BC3B-989381B27113}"
EndProject
Project("{9A19103F-16F7-4668-BE54-9A1E7A4F7556}") = "R5T.Z0000", "..\..\..\SafetyCone\R5T.Z0000\source\R5T.Z0000\R5T.Z0000.csproj", "{47AE572C-3647-40B8-B6CA-09D491E0B992}"
EndProject
Project("{9A19103F-16F7-4668-BE54-9A1E7A4F7556}") = "R5T.Z0072.Z000", "..\..\..\SafetyCone\R5T.Z0072\source\R5T.Z0072.Z000\R5T.Z0072.Z000.csproj", "{0FD0F4CB-5F56-4238-998E-B346A4DCAA66}"
EndProject
Project("{9A19103F-16F7-4668-BE54-9A1E7A4F7556}") = "R5T.Z0072.Z002", "..\..\..\SafetyCone\R5T.Z0072\source\R5T.Z0072.Z002\R5T.Z0072.Z002.csproj", "{F3369FE1-1AB1-4477-9108-61AC1E73F900}"
EndProject
Global
	GlobalSection(NestedProjects) = preSolution
		{D47AC15E-C48B-410C-BEB7-45982A02AEFB} = {E6AC7936-0D12-4119-85A1-2B271B8321AE}
		{4FA9E2BE-C018-463B-8837-C0A4682F7E70} = {E6AC7936-0D12-4119-85A1-2B271B8321AE}
		{8DA610C4-EDDC-4A20-A295-F3500D8E2DEF} = {E6AC7936-0D12-4119-85A1-2B271B8321AE}
		{0D6C091B-D182-4FE6-9A49-19AAF0E5A2DA} = {E6AC7936-0D12-4119-85A1-2B271B8321AE}
		{CC67F59B-6232-4358-B33A-240D71CB5FAE} = {E6AC7936-0D12-4119-85A1-2B271B8321AE}
		{539CE2D7-20CF-4AAF-A08A-F2F1E7AE6F16} = {E6AC7936-0D12-4119-85A1-2B271B8321AE}
		{B5260BD0-0FDD-44E0-886C-16CD08535699} = {E6AC7936-0D12-4119-85A1-2B271B8321AE}
		{AE80873B-4DB1-4246-A84B-885E9651F003} = {E6AC7936-0D12-4119-85A1-2B271B8321AE}
		{C6EB63C2-4450-43E2-BEE9-F6476B7D4CB3} = {E6AC7936-0D12-4119-85A1-2B271B8321AE}
		{B43AC959-099D-41E6-97D6-650361C94595} = {E6AC7936-0D12-4119-85A1-2B271B8321AE}
		{49206ECB-AC74-42C6-AEEF-E1C9BBE9D482} = {E6AC7936-0D12-4119-85A1-2B271B8321AE}
		{A301FBC3-F998-461A-A7FB-85DF17EB2E54} = {E6AC7936-0D12-4119-85A1-2B271B8321AE}
		{DD784424-E7D0-467A-96AC-513C426A20A3} = {E6AC7936-0D12-4119-85A1-2B271B8321AE}
		{DD98AF1E-A4EC-4A06-BB11-2D090A893215} = {E6AC7936-0D12-4119-85A1-2B271B8321AE}
		{65B3115E-D598-4312-8576-33408A0CC5A9} = {E6AC7936-0D12-4119-85A1-2B271B8321AE}
		{7200929D-93D2-4B15-B45F-F5F1D45E3D54} = {E6AC7936-0D12-4119-85A1-2B271B8321AE}
		{F2DB4BAC-926C-4F9D-870D-09AF16DE0403} = {E6AC7936-0D12-4119-85A1-2B271B8321AE}
		{EC6EB137-41A6-4751-BF3F-5C4BA0260E4E} = {E6AC7936-0D12-4119-85A1-2B271B8321AE}
		{0F8A19E5-C40C-4496-AFD7-7B77CF5C0AAD} = {E6AC7936-0D12-4119-85A1-2B271B8321AE}
		{87C98404-D2A2-497F-B321-C07DAF849F0F} = {E6AC7936-0D12-4119-85A1-2B271B8321AE}
		{48AB6DBB-5CBD-4430-BC3B-989381B27113} = {E6AC7936-0D12-4119-85A1-2B271B8321AE}
		{47AE572C-3647-40B8-B6CA-09D491E0B992} = {E6AC7936-0D12-4119-85A1-2B271B8321AE}
		{0FD0F4CB-5F56-4238-998E-B346A4DCAA66} = {E6AC7936-0D12-4119-85A1-2B271B8321AE}
		{F3369FE1-1AB1-4477-9108-61AC1E73F900} = {E6AC7936-0D12-4119-85A1-2B271B8321AE}
	EndGlobalSection
	GlobalSection(SolutionConfigurationPlatforms) = preSolution
		Debug|Any CPU = Debug|Any CPU
		Release|Any CPU = Release|Any CPU
	EndGlobalSection
	GlobalSection(ProjectConfigurationPlatforms) = postSolution
		{96051A47-62BC-460B-A2EB-5D3DFF36626F}.Debug|Any CPU.ActiveCfg = Debug|Any CPU
		{96051A47-62BC-460B-A2EB-5D3DFF36626F}.Debug|Any CPU.Build.0 = Debug|Any CPU
		{96051A47-62BC-460B-A2EB-5D3DFF36626F}.Release|Any CPU.ActiveCfg = Release|Any CPU
		{96051A47-62BC-460B-A2EB-5D3DFF36626F}.Release|Any CPU.Build.0 = Release|Any CPU
		{D47AC15E-C48B-410C-BEB7-45982A02AEFB}.Debug|Any CPU.ActiveCfg = Debug|Any CPU
		{D47AC15E-C48B-410C-BEB7-45982A02AEFB}.Debug|Any CPU.Build.0 = Debug|Any CPU
		{D47AC15E-C48B-410C-BEB7-45982A02AEFB}.Release|Any CPU.ActiveCfg = Release|Any CPU
		{D47AC15E-C48B-410C-BEB7-45982A02AEFB}.Release|Any CPU.Build.0 = Release|Any CPU
		{4FA9E2BE-C018-463B-8837-C0A4682F7E70}.Debug|Any CPU.ActiveCfg = Debug|Any CPU
		{4FA9E2BE-C018-463B-8837-C0A4682F7E70}.Debug|Any CPU.Build.0 = Debug|Any CPU
		{4FA9E2BE-C018-463B-8837-C0A4682F7E70}.Release|Any CPU.ActiveCfg = Release|Any CPU
		{4FA9E2BE-C018-463B-8837-C0A4682F7E70}.Release|Any CPU.Build.0 = Release|Any CPU
		{8DA610C4-EDDC-4A20-A295-F3500D8E2DEF}.Debug|Any CPU.ActiveCfg = Debug|Any CPU
		{8DA610C4-EDDC-4A20-A295-F3500D8E2DEF}.Debug|Any CPU.Build.0 = Debug|Any CPU
		{8DA610C4-EDDC-4A20-A295-F3500D8E2DEF}.Release|Any CPU.ActiveCfg = Release|Any CPU
		{8DA610C4-EDDC-4A20-A295-F3500D8E2DEF}.Release|Any CPU.Build.0 = Release|Any CPU
		{0D6C091B-D182-4FE6-9A49-19AAF0E5A2DA}.Debug|Any CPU.ActiveCfg = Debug|Any CPU
		{0D6C091B-D182-4FE6-9A49-19AAF0E5A2DA}.Debug|Any CPU.Build.0 = Debug|Any CPU
		{0D6C091B-D182-4FE6-9A49-19AAF0E5A2DA}.Release|Any CPU.ActiveCfg = Release|Any CPU
		{0D6C091B-D182-4FE6-9A49-19AAF0E5A2DA}.Release|Any CPU.Build.0 = Release|Any CPU
		{CC67F59B-6232-4358-B33A-240D71CB5FAE}.Debug|Any CPU.ActiveCfg = Debug|Any CPU
		{CC67F59B-6232-4358-B33A-240D71CB5FAE}.Debug|Any CPU.Build.0 = Debug|Any CPU
		{CC67F59B-6232-4358-B33A-240D71CB5FAE}.Release|Any CPU.ActiveCfg = Release|Any CPU
		{CC67F59B-6232-4358-B33A-240D71CB5FAE}.Release|Any CPU.Build.0 = Release|Any CPU
		{539CE2D7-20CF-4AAF-A08A-F2F1E7AE6F16}.Debug|Any CPU.ActiveCfg = Debug|Any CPU
		{539CE2D7-20CF-4AAF-A08A-F2F1E7AE6F16}.Debug|Any CPU.Build.0 = Debug|Any CPU
		{539CE2D7-20CF-4AAF-A08A-F2F1E7AE6F16}.Release|Any CPU.ActiveCfg = Release|Any CPU
		{539CE2D7-20CF-4AAF-A08A-F2F1E7AE6F16}.Release|Any CPU.Build.0 = Release|Any CPU
		{B5260BD0-0FDD-44E0-886C-16CD08535699}.Debug|Any CPU.ActiveCfg = Debug|Any CPU
		{B5260BD0-0FDD-44E0-886C-16CD08535699}.Debug|Any CPU.Build.0 = Debug|Any CPU
		{B5260BD0-0FDD-44E0-886C-16CD08535699}.Release|Any CPU.ActiveCfg = Release|Any CPU
		{B5260BD0-0FDD-44E0-886C-16CD08535699}.Release|Any CPU.Build.0 = Release|Any CPU
		{AE80873B-4DB1-4246-A84B-885E9651F003}.Debug|Any CPU.ActiveCfg = Debug|Any CPU
		{AE80873B-4DB1-4246-A84B-885E9651F003}.Debug|Any CPU.Build.0 = Debug|Any CPU
		{AE80873B-4DB1-4246-A84B-885E9651F003}.Release|Any CPU.ActiveCfg = Release|Any CPU
		{AE80873B-4DB1-4246-A84B-885E9651F003}.Release|Any CPU.Build.0 = Release|Any CPU
		{C6EB63C2-4450-43E2-BEE9-F6476B7D4CB3}.Debug|Any CPU.ActiveCfg = Debug|Any CPU
		{C6EB63C2-4450-43E2-BEE9-F6476B7D4CB3}.Debug|Any CPU.Build.0 = Debug|Any CPU
		{C6EB63C2-4450-43E2-BEE9-F6476B7D4CB3}.Release|Any CPU.ActiveCfg = Release|Any CPU
		{C6EB63C2-4450-43E2-BEE9-F6476B7D4CB3}.Release|Any CPU.Build.0 = Release|Any CPU
		{B43AC959-099D-41E6-97D6-650361C94595}.Debug|Any CPU.ActiveCfg = Debug|Any CPU
		{B43AC959-099D-41E6-97D6-650361C94595}.Debug|Any CPU.Build.0 = Debug|Any CPU
		{B43AC959-099D-41E6-97D6-650361C94595}.Release|Any CPU.ActiveCfg = Release|Any CPU
		{B43AC959-099D-41E6-97D6-650361C94595}.Release|Any CPU.Build.0 = Release|Any CPU
		{49206ECB-AC74-42C6-AEEF-E1C9BBE9D482}.Debug|Any CPU.ActiveCfg = Debug|Any CPU
		{49206ECB-AC74-42C6-AEEF-E1C9BBE9D482}.Debug|Any CPU.Build.0 = Debug|Any CPU
		{49206ECB-AC74-42C6-AEEF-E1C9BBE9D482}.Release|Any CPU.ActiveCfg = Release|Any CPU
		{49206ECB-AC74-42C6-AEEF-E1C9BBE9D482}.Release|Any CPU.Build.0 = Release|Any CPU
		{A301FBC3-F998-461A-A7FB-85DF17EB2E54}.Debug|Any CPU.ActiveCfg = Debug|Any CPU
		{A301FBC3-F998-461A-A7FB-85DF17EB2E54}.Debug|Any CPU.Build.0 = Debug|Any CPU
		{A301FBC3-F998-461A-A7FB-85DF17EB2E54}.Release|Any CPU.ActiveCfg = Release|Any CPU
		{A301FBC3-F998-461A-A7FB-85DF17EB2E54}.Release|Any CPU.Build.0 = Release|Any CPU
		{DD784424-E7D0-467A-96AC-513C426A20A3}.Debug|Any CPU.ActiveCfg = Debug|Any CPU
		{DD784424-E7D0-467A-96AC-513C426A20A3}.Debug|Any CPU.Build.0 = Debug|Any CPU
		{DD784424-E7D0-467A-96AC-513C426A20A3}.Release|Any CPU.ActiveCfg = Release|Any CPU
		{DD784424-E7D0-467A-96AC-513C426A20A3}.Release|Any CPU.Build.0 = Release|Any CPU
		{DD98AF1E-A4EC-4A06-BB11-2D090A893215}.Debug|Any CPU.ActiveCfg = Debug|Any CPU
		{DD98AF1E-A4EC-4A06-BB11-2D090A893215}.Debug|Any CPU.Build.0 = Debug|Any CPU
		{DD98AF1E-A4EC-4A06-BB11-2D090A893215}.Release|Any CPU.ActiveCfg = Release|Any CPU
		{DD98AF1E-A4EC-4A06-BB11-2D090A893215}.Release|Any CPU.Build.0 = Release|Any CPU
		{65B3115E-D598-4312-8576-33408A0CC5A9}.Debug|Any CPU.ActiveCfg = Debug|Any CPU
		{65B3115E-D598-4312-8576-33408A0CC5A9}.Debug|Any CPU.Build.0 = Debug|Any CPU
		{65B3115E-D598-4312-8576-33408A0CC5A9}.Release|Any CPU.ActiveCfg = Release|Any CPU
		{65B3115E-D598-4312-8576-33408A0CC5A9}.Release|Any CPU.Build.0 = Release|Any CPU
		{7200929D-93D2-4B15-B45F-F5F1D45E3D54}.Debug|Any CPU.ActiveCfg = Debug|Any CPU
		{7200929D-93D2-4B15-B45F-F5F1D45E3D54}.Debug|Any CPU.Build.0 = Debug|Any CPU
		{7200929D-93D2-4B15-B45F-F5F1D45E3D54}.Release|Any CPU.ActiveCfg = Release|Any CPU
		{7200929D-93D2-4B15-B45F-F5F1D45E3D54}.Release|Any CPU.Build.0 = Release|Any CPU
		{F2DB4BAC-926C-4F9D-870D-09AF16DE0403}.Debug|Any CPU.ActiveCfg = Debug|Any CPU
		{F2DB4BAC-926C-4F9D-870D-09AF16DE0403}.Debug|Any CPU.Build.0 = Debug|Any CPU
		{F2DB4BAC-926C-4F9D-870D-09AF16DE0403}.Release|Any CPU.ActiveCfg = Release|Any CPU
		{F2DB4BAC-926C-4F9D-870D-09AF16DE0403}.Release|Any CPU.Build.0 = Release|Any CPU
		{EC6EB137-41A6-4751-BF3F-5C4BA0260E4E}.Debug|Any CPU.ActiveCfg = Debug|Any CPU
		{EC6EB137-41A6-4751-BF3F-5C4BA0260E4E}.Debug|Any CPU.Build.0 = Debug|Any CPU
		{EC6EB137-41A6-4751-BF3F-5C4BA0260E4E}.Release|Any CPU.ActiveCfg = Release|Any CPU
		{EC6EB137-41A6-4751-BF3F-5C4BA0260E4E}.Release|Any CPU.Build.0 = Release|Any CPU
		{0F8A19E5-C40C-4496-AFD7-7B77CF5C0AAD}.Debug|Any CPU.ActiveCfg = Debug|Any CPU
		{0F8A19E5-C40C-4496-AFD7-7B77CF5C0AAD}.Debug|Any CPU.Build.0 = Debug|Any CPU
		{0F8A19E5-C40C-4496-AFD7-7B77CF5C0AAD}.Release|Any CPU.ActiveCfg = Release|Any CPU
		{0F8A19E5-C40C-4496-AFD7-7B77CF5C0AAD}.Release|Any CPU.Build.0 = Release|Any CPU
		{87C98404-D2A2-497F-B321-C07DAF849F0F}.Debug|Any CPU.ActiveCfg = Debug|Any CPU
		{87C98404-D2A2-497F-B321-C07DAF849F0F}.Debug|Any CPU.Build.0 = Debug|Any CPU
		{87C98404-D2A2-497F-B321-C07DAF849F0F}.Release|Any CPU.ActiveCfg = Release|Any CPU
		{87C98404-D2A2-497F-B321-C07DAF849F0F}.Release|Any CPU.Build.0 = Release|Any CPU
		{48AB6DBB-5CBD-4430-BC3B-989381B27113}.Debug|Any CPU.ActiveCfg = Debug|Any CPU
		{48AB6DBB-5CBD-4430-BC3B-989381B27113}.Debug|Any CPU.Build.0 = Debug|Any CPU
		{48AB6DBB-5CBD-4430-BC3B-989381B27113}.Release|Any CPU.ActiveCfg = Release|Any CPU
		{48AB6DBB-5CBD-4430-BC3B-989381B27113}.Release|Any CPU.Build.0 = Release|Any CPU
		{47AE572C-3647-40B8-B6CA-09D491E0B992}.Debug|Any CPU.ActiveCfg = Debug|Any CPU
		{47AE572C-3647-40B8-B6CA-09D491E0B992}.Debug|Any CPU.Build.0 = Debug|Any CPU
		{47AE572C-3647-40B8-B6CA-09D491E0B992}.Release|Any CPU.ActiveCfg = Release|Any CPU
		{47AE572C-3647-40B8-B6CA-09D491E0B992}.Release|Any CPU.Build.0 = Release|Any CPU
		{0FD0F4CB-5F56-4238-998E-B346A4DCAA66}.Debug|Any CPU.ActiveCfg = Debug|Any CPU
		{0FD0F4CB-5F56-4238-998E-B346A4DCAA66}.Debug|Any CPU.Build.0 = Debug|Any CPU
		{0FD0F4CB-5F56-4238-998E-B346A4DCAA66}.Release|Any CPU.ActiveCfg = Release|Any CPU
		{0FD0F4CB-5F56-4238-998E-B346A4DCAA66}.Release|Any CPU.Build.0 = Release|Any CPU
		{F3369FE1-1AB1-4477-9108-61AC1E73F900}.Debug|Any CPU.ActiveCfg = Debug|Any CPU
		{F3369FE1-1AB1-4477-9108-61AC1E73F900}.Debug|Any CPU.Build.0 = Debug|Any CPU
		{F3369FE1-1AB1-4477-9108-61AC1E73F900}.Release|Any CPU.ActiveCfg = Release|Any CPU
		{F3369FE1-1AB1-4477-9108-61AC1E73F900}.Release|Any CPU.Build.0 = Release|Any CPU
	EndGlobalSection
	GlobalSection(SolutionProperties) = preSolution
		HideSolutionNode = FALSE
	EndGlobalSection
	GlobalSection(ExtensibilityGlobals) = postSolution
		SolutionGuid = {C2417475-1CCE-4DDC-BFB2-0BF533DD3721}
	EndGlobalSection
EndGlobal
